
Microsoft Visual Studio Solution File, Format Version 12.00
# Visual Studio 15
VisualStudioVersion = 15.0.26730.3
MinimumVisualStudioVersion = 10.0.40219.1
Project("{FAE04EC0-301F-11D3-BF4B-00C04F79EFBC}") = "Northwind", "Northwind\Northwind.csproj", "{BEA2F3CF-CC4D-4341-9816-80C32333A146}"
EndProject
Project("{FAE04EC0-301F-11D3-BF4B-00C04F79EFBC}") = "Northwind.Tests", "Northwind.Tests\Northwind.Tests.csproj", "{27D2926A-F675-4C74-9FF7-C44593D69770}"
EndProject
Global
	GlobalSection(SolutionConfigurationPlatforms) = preSolution
		Debug|Any CPU = Debug|Any CPU
		Release|Any CPU = Release|Any CPU
	EndGlobalSection
	GlobalSection(ProjectConfigurationPlatforms) = postSolution
		{BEA2F3CF-CC4D-4341-9816-80C32333A146}.Debug|Any CPU.ActiveCfg = Debug|Any CPU
		{BEA2F3CF-CC4D-4341-9816-80C32333A146}.Debug|Any CPU.Build.0 = Debug|Any CPU
		{BEA2F3CF-CC4D-4341-9816-80C32333A146}.Release|Any CPU.ActiveCfg = Release|Any CPU
		{BEA2F3CF-CC4D-4341-9816-80C32333A146}.Release|Any CPU.Build.0 = Release|Any CPU
		{27D2926A-F675-4C74-9FF7-C44593D69770}.Debug|Any CPU.ActiveCfg = Debug|Any CPU
		{27D2926A-F675-4C74-9FF7-C44593D69770}.Debug|Any CPU.Build.0 = Debug|Any CPU
		{27D2926A-F675-4C74-9FF7-C44593D69770}.Release|Any CPU.ActiveCfg = Release|Any CPU
		{27D2926A-F675-4C74-9FF7-C44593D69770}.Release|Any CPU.Build.0 = Release|Any CPU
	EndGlobalSection
	GlobalSection(SolutionProperties) = preSolution
		HideSolutionNode = FALSE
	EndGlobalSection
	GlobalSection(ExtensibilityGlobals) = postSolution
		SolutionGuid = {B8D1CB06-B606-45A2-A021-E1CEFB180529}
	EndGlobalSection
EndGlobal
